// !$*UTF8*$!
{
	archiveVersion = 1;
	classes = {
	};
	objectVersion = 46;
	objects = {

/* Begin PBXBuildFile section */
		AB023EA51A8C506600580A2A /* XWalkWebViewTests.swift in Sources */ = {isa = PBXBuildFile; fileRef = AB023EA41A8C506600580A2A /* XWalkWebViewTests.swift */; };
		AB023EA61A8C506600580A2A /* XWalkView.framework in Frameworks */ = {isa = PBXBuildFile; fileRef = EE62683519FA323900EFC3F8 /* XWalkView.framework */; };
		AB023EBB1A8C87A500580A2A /* XWalkExtensionTest.m in Sources */ = {isa = PBXBuildFile; fileRef = AB023EBA1A8C87A500580A2A /* XWalkExtensionTest.m */; };
		AB023EBE1A8C8BC700580A2A /* XWalkView.framework in CopyFiles */ = {isa = PBXBuildFile; fileRef = EE62683519FA323900EFC3F8 /* XWalkView.framework */; settings = {ATTRIBUTES = (CodeSignOnCopy, RemoveHeadersOnCopy, ); }; };
		AB2273E51AA6FDA700F9207A /* www in Resources */ = {isa = PBXBuildFile; fileRef = AB2273E41AA6FDA700F9207A /* www */; };
		AB3ECCC01A6243B3001925A3 /* XWalkExtension.h in Headers */ = {isa = PBXBuildFile; fileRef = AB3ECCBE1A6243B3001925A3 /* XWalkExtension.h */; settings = {ATTRIBUTES = (Public, ); }; };
		AB3ECCC11A6243B3001925A3 /* XWalkExtension.m in Sources */ = {isa = PBXBuildFile; fileRef = AB3ECCBF1A6243B3001925A3 /* XWalkExtension.m */; };
		AB83D7411AAED8A200C2EDC7 /* ExecutionContext.swift in Sources */ = {isa = PBXBuildFile; fileRef = AB83D7401AAED8A200C2EDC7 /* ExecutionContext.swift */; };
		ABC6AB251B23D39100B39BB7 /* HTTPAuthenticationRequest.h in Headers */ = {isa = PBXBuildFile; fileRef = ABC6AB181B23D39100B39BB7 /* HTTPAuthenticationRequest.h */; };
		ABC6AB261B23D39100B39BB7 /* HTTPAuthenticationRequest.m in Sources */ = {isa = PBXBuildFile; fileRef = ABC6AB191B23D39100B39BB7 /* HTTPAuthenticationRequest.m */; };
		ABC6AB271B23D39100B39BB7 /* HTTPConnection.h in Headers */ = {isa = PBXBuildFile; fileRef = ABC6AB1A1B23D39100B39BB7 /* HTTPConnection.h */; };
		ABC6AB281B23D39100B39BB7 /* HTTPConnection.m in Sources */ = {isa = PBXBuildFile; fileRef = ABC6AB1B1B23D39100B39BB7 /* HTTPConnection.m */; };
		ABC6AB291B23D39100B39BB7 /* HTTPLogging.h in Headers */ = {isa = PBXBuildFile; fileRef = ABC6AB1C1B23D39100B39BB7 /* HTTPLogging.h */; };
		ABC6AB2A1B23D39100B39BB7 /* HTTPMessage.h in Headers */ = {isa = PBXBuildFile; fileRef = ABC6AB1D1B23D39100B39BB7 /* HTTPMessage.h */; };
		ABC6AB2B1B23D39100B39BB7 /* HTTPMessage.m in Sources */ = {isa = PBXBuildFile; fileRef = ABC6AB1E1B23D39100B39BB7 /* HTTPMessage.m */; };
		ABC6AB2C1B23D39100B39BB7 /* HTTPResponse.h in Headers */ = {isa = PBXBuildFile; fileRef = ABC6AB1F1B23D39100B39BB7 /* HTTPResponse.h */; };
		ABC6AB2D1B23D39100B39BB7 /* HTTPServer.h in Headers */ = {isa = PBXBuildFile; fileRef = ABC6AB201B23D39100B39BB7 /* HTTPServer.h */; settings = {ATTRIBUTES = (Public, ); }; };
		ABC6AB2E1B23D39100B39BB7 /* HTTPServer.m in Sources */ = {isa = PBXBuildFile; fileRef = ABC6AB211B23D39100B39BB7 /* HTTPServer.m */; };
		ABC6AB391B23D42E00B39BB7 /* GCDAsyncSocket.h in Headers */ = {isa = PBXBuildFile; fileRef = ABC6AB371B23D42E00B39BB7 /* GCDAsyncSocket.h */; };
		ABC6AB3A1B23D42E00B39BB7 /* GCDAsyncSocket.m in Sources */ = {isa = PBXBuildFile; fileRef = ABC6AB381B23D42E00B39BB7 /* GCDAsyncSocket.m */; };
		ABC6AB461B23D45700B39BB7 /* DDAbstractDatabaseLogger.h in Headers */ = {isa = PBXBuildFile; fileRef = ABC6AB3C1B23D45700B39BB7 /* DDAbstractDatabaseLogger.h */; };
		ABC6AB471B23D45700B39BB7 /* DDAbstractDatabaseLogger.m in Sources */ = {isa = PBXBuildFile; fileRef = ABC6AB3D1B23D45700B39BB7 /* DDAbstractDatabaseLogger.m */; };
		ABC6AB481B23D45700B39BB7 /* DDASLLogger.h in Headers */ = {isa = PBXBuildFile; fileRef = ABC6AB3E1B23D45700B39BB7 /* DDASLLogger.h */; };
		ABC6AB491B23D45700B39BB7 /* DDASLLogger.m in Sources */ = {isa = PBXBuildFile; fileRef = ABC6AB3F1B23D45700B39BB7 /* DDASLLogger.m */; };
		ABC6AB4A1B23D45700B39BB7 /* DDFileLogger.h in Headers */ = {isa = PBXBuildFile; fileRef = ABC6AB401B23D45700B39BB7 /* DDFileLogger.h */; };
		ABC6AB4B1B23D45700B39BB7 /* DDFileLogger.m in Sources */ = {isa = PBXBuildFile; fileRef = ABC6AB411B23D45700B39BB7 /* DDFileLogger.m */; };
		ABC6AB4C1B23D45700B39BB7 /* DDLog.h in Headers */ = {isa = PBXBuildFile; fileRef = ABC6AB421B23D45700B39BB7 /* DDLog.h */; };
		ABC6AB4D1B23D45700B39BB7 /* DDLog.m in Sources */ = {isa = PBXBuildFile; fileRef = ABC6AB431B23D45700B39BB7 /* DDLog.m */; };
		ABC6AB4E1B23D45700B39BB7 /* DDTTYLogger.h in Headers */ = {isa = PBXBuildFile; fileRef = ABC6AB441B23D45700B39BB7 /* DDTTYLogger.h */; };
		ABC6AB4F1B23D45700B39BB7 /* DDTTYLogger.m in Sources */ = {isa = PBXBuildFile; fileRef = ABC6AB451B23D45700B39BB7 /* DDTTYLogger.m */; };
		ABC6AB581B23D4D300B39BB7 /* DDData.h in Headers */ = {isa = PBXBuildFile; fileRef = ABC6AB521B23D4D300B39BB7 /* DDData.h */; };
		ABC6AB591B23D4D300B39BB7 /* DDData.m in Sources */ = {isa = PBXBuildFile; fileRef = ABC6AB531B23D4D300B39BB7 /* DDData.m */; };
		ABC6AB5A1B23D4D300B39BB7 /* DDNumber.h in Headers */ = {isa = PBXBuildFile; fileRef = ABC6AB541B23D4D300B39BB7 /* DDNumber.h */; };
		ABC6AB5B1B23D4D300B39BB7 /* DDNumber.m in Sources */ = {isa = PBXBuildFile; fileRef = ABC6AB551B23D4D300B39BB7 /* DDNumber.m */; };
		ABC6AB5C1B23D4D300B39BB7 /* DDRange.h in Headers */ = {isa = PBXBuildFile; fileRef = ABC6AB561B23D4D300B39BB7 /* DDRange.h */; };
		ABC6AB5D1B23D4D300B39BB7 /* DDRange.m in Sources */ = {isa = PBXBuildFile; fileRef = ABC6AB571B23D4D300B39BB7 /* DDRange.m */; };
		ABC6AB6B1B23D4FE00B39BB7 /* HTTPAsyncFileResponse.h in Headers */ = {isa = PBXBuildFile; fileRef = ABC6AB5F1B23D4FE00B39BB7 /* HTTPAsyncFileResponse.h */; };
		ABC6AB6C1B23D4FE00B39BB7 /* HTTPAsyncFileResponse.m in Sources */ = {isa = PBXBuildFile; fileRef = ABC6AB601B23D4FE00B39BB7 /* HTTPAsyncFileResponse.m */; };
		ABC6AB6D1B23D4FE00B39BB7 /* HTTPDataResponse.h in Headers */ = {isa = PBXBuildFile; fileRef = ABC6AB611B23D4FE00B39BB7 /* HTTPDataResponse.h */; };
		ABC6AB6E1B23D4FE00B39BB7 /* HTTPDataResponse.m in Sources */ = {isa = PBXBuildFile; fileRef = ABC6AB621B23D4FE00B39BB7 /* HTTPDataResponse.m */; };
		ABC6AB6F1B23D4FE00B39BB7 /* HTTPDynamicFileResponse.h in Headers */ = {isa = PBXBuildFile; fileRef = ABC6AB631B23D4FE00B39BB7 /* HTTPDynamicFileResponse.h */; };
		ABC6AB701B23D4FE00B39BB7 /* HTTPDynamicFileResponse.m in Sources */ = {isa = PBXBuildFile; fileRef = ABC6AB641B23D4FE00B39BB7 /* HTTPDynamicFileResponse.m */; };
		ABC6AB711B23D4FE00B39BB7 /* HTTPErrorResponse.h in Headers */ = {isa = PBXBuildFile; fileRef = ABC6AB651B23D4FE00B39BB7 /* HTTPErrorResponse.h */; };
		ABC6AB721B23D4FE00B39BB7 /* HTTPErrorResponse.m in Sources */ = {isa = PBXBuildFile; fileRef = ABC6AB661B23D4FE00B39BB7 /* HTTPErrorResponse.m */; };
		ABC6AB731B23D4FE00B39BB7 /* HTTPFileResponse.h in Headers */ = {isa = PBXBuildFile; fileRef = ABC6AB671B23D4FE00B39BB7 /* HTTPFileResponse.h */; };
		ABC6AB741B23D4FE00B39BB7 /* HTTPFileResponse.m in Sources */ = {isa = PBXBuildFile; fileRef = ABC6AB681B23D4FE00B39BB7 /* HTTPFileResponse.m */; };
		ABC6AB751B23D4FE00B39BB7 /* HTTPRedirectResponse.h in Headers */ = {isa = PBXBuildFile; fileRef = ABC6AB691B23D4FE00B39BB7 /* HTTPRedirectResponse.h */; };
		ABC6AB761B23D4FE00B39BB7 /* HTTPRedirectResponse.m in Sources */ = {isa = PBXBuildFile; fileRef = ABC6AB6A1B23D4FE00B39BB7 /* HTTPRedirectResponse.m */; };
		ABC6AB791B23D51900B39BB7 /* WebSocket.h in Headers */ = {isa = PBXBuildFile; fileRef = ABC6AB771B23D51900B39BB7 /* WebSocket.h */; };
		ABC6AB7A1B23D51900B39BB7 /* WebSocket.m in Sources */ = {isa = PBXBuildFile; fileRef = ABC6AB781B23D51900B39BB7 /* WebSocket.m */; };
		ABD3E8541A8CD08300F2BAB9 /* XWalkExtensionFactoryTest.swift in Sources */ = {isa = PBXBuildFile; fileRef = ABD3E8531A8CD08300F2BAB9 /* XWalkExtensionFactoryTest.swift */; };
		ABD3E8561A8CD3F900F2BAB9 /* XWalkReflectionTest.swift in Sources */ = {isa = PBXBuildFile; fileRef = ABD3E8551A8CD3F900F2BAB9 /* XWalkReflectionTest.swift */; };
		ABD3E85A1A8CD44D00F2BAB9 /* XWalkChannelTest.swift in Sources */ = {isa = PBXBuildFile; fileRef = ABD3E8591A8CD44D00F2BAB9 /* XWalkChannelTest.swift */; };
		ABD3E85E1A8CD49F00F2BAB9 /* XWalkInvocationTest.m in Sources */ = {isa = PBXBuildFile; fileRef = ABD3E85D1A8CD49F00F2BAB9 /* XWalkInvocationTest.m */; };
		ABD475E31A4129FC00F3BDEB /* XWalkInvocation.h in Headers */ = {isa = PBXBuildFile; fileRef = EE62691D19FA52FC00EFC3F8 /* XWalkInvocation.h */; settings = {ATTRIBUTES = (Public, ); }; };
		ABF4635F1A67519D0049D942 /* XWalkDelegate.h in Headers */ = {isa = PBXBuildFile; fileRef = ABF4635E1A6751970049D942 /* XWalkDelegate.h */; settings = {ATTRIBUTES = (Public, ); }; };
		ABF68ECD1A6B45FC0058267B /* XWalkView.h in Headers */ = {isa = PBXBuildFile; fileRef = EE62691C19FA52FC00EFC3F8 /* XWalkView.h */; settings = {ATTRIBUTES = (Public, ); }; };
		EE0A1DD31A52775400C9E6D3 /* XWalkChannel.swift in Sources */ = {isa = PBXBuildFile; fileRef = EE0A1DD21A52775400C9E6D3 /* XWalkChannel.swift */; };
		EE0A1DDF1A52A5A300C9E6D3 /* XWalkReflection.swift in Sources */ = {isa = PBXBuildFile; fileRef = EE0A1DDD1A52A5A300C9E6D3 /* XWalkReflection.swift */; };
		EE0A1DE01A52A5A300C9E6D3 /* XWalkStubGenerator.swift in Sources */ = {isa = PBXBuildFile; fileRef = EE0A1DDE1A52A5A300C9E6D3 /* XWalkStubGenerator.swift */; };
		EE0A1DED1A53DCFB00C9E6D3 /* XWalkThread.swift in Sources */ = {isa = PBXBuildFile; fileRef = EE0A1DEC1A53DCFB00C9E6D3 /* XWalkThread.swift */; };
		EE174E451A01FDDE00168D96 /* XWalkExtensionFactory.swift in Sources */ = {isa = PBXBuildFile; fileRef = EE174E441A01FDDE00168D96 /* XWalkExtensionFactory.swift */; };
		EE174E781A0361CB00168D96 /* crosswalk.js in Resources */ = {isa = PBXBuildFile; fileRef = EE174E771A0361CB00168D96 /* crosswalk.js */; };
		EE62692419FA52FC00EFC3F8 /* XWalkInvocation.m in Sources */ = {isa = PBXBuildFile; fileRef = EE62691E19FA52FC00EFC3F8 /* XWalkInvocation.m */; };
		EE62692619FA52FC00EFC3F8 /* XWalkWebView.swift in Sources */ = {isa = PBXBuildFile; fileRef = EE62692019FA52FC00EFC3F8 /* XWalkWebView.swift */; };
		EE7886761A0D0CE30013A855 /* XWalkExtensionLoader.swift in Sources */ = {isa = PBXBuildFile; fileRef = EE7886751A0D0CE30013A855 /* XWalkExtensionLoader.swift */; };
/* End PBXBuildFile section */

/* Begin PBXContainerItemProxy section */
		AB023EA71A8C506600580A2A /* PBXContainerItemProxy */ = {
			isa = PBXContainerItemProxy;
			containerPortal = EE62682C19FA323900EFC3F8 /* Project object */;
			proxyType = 1;
			remoteGlobalIDString = EE62683419FA323900EFC3F8;
			remoteInfo = XWalkView;
		};
/* End PBXContainerItemProxy section */

/* Begin PBXCopyFilesBuildPhase section */
		AB023EBD1A8C8BBE00580A2A /* CopyFiles */ = {
			isa = PBXCopyFilesBuildPhase;
			buildActionMask = 2147483647;
			dstPath = "";
			dstSubfolderSpec = 10;
			files = (
				AB023EBE1A8C8BC700580A2A /* XWalkView.framework in CopyFiles */,
			);
			runOnlyForDeploymentPostprocessing = 0;
		};
/* End PBXCopyFilesBuildPhase section */

/* Begin PBXFileReference section */
		AB023EA01A8C506600580A2A /* XWalkViewTests.xctest */ = {isa = PBXFileReference; explicitFileType = wrapper.cfbundle; includeInIndex = 0; path = XWalkViewTests.xctest; sourceTree = BUILT_PRODUCTS_DIR; };
		AB023EA31A8C506600580A2A /* Info.plist */ = {isa = PBXFileReference; lastKnownFileType = text.plist.xml; path = Info.plist; sourceTree = "<group>"; };
		AB023EA41A8C506600580A2A /* XWalkWebViewTests.swift */ = {isa = PBXFileReference; lastKnownFileType = sourcecode.swift; path = XWalkWebViewTests.swift; sourceTree = "<group>"; };
		AB023EBA1A8C87A500580A2A /* XWalkExtensionTest.m */ = {isa = PBXFileReference; fileEncoding = 4; lastKnownFileType = sourcecode.c.objc; path = XWalkExtensionTest.m; sourceTree = "<group>"; };
		AB2273E41AA6FDA700F9207A /* www */ = {isa = PBXFileReference; lastKnownFileType = folder; path = www; sourceTree = "<group>"; };
		AB3ECCBE1A6243B3001925A3 /* XWalkExtension.h */ = {isa = PBXFileReference; fileEncoding = 4; lastKnownFileType = sourcecode.c.h; name = XWalkExtension.h; path = XWalkView/XWalkExtension.h; sourceTree = "<group>"; };
		AB3ECCBF1A6243B3001925A3 /* XWalkExtension.m */ = {isa = PBXFileReference; fileEncoding = 4; lastKnownFileType = sourcecode.c.objc; name = XWalkExtension.m; path = XWalkView/XWalkExtension.m; sourceTree = "<group>"; };
		AB83D7401AAED8A200C2EDC7 /* ExecutionContext.swift */ = {isa = PBXFileReference; fileEncoding = 4; lastKnownFileType = sourcecode.swift; path = ExecutionContext.swift; sourceTree = "<group>"; };
		ABC6AB181B23D39100B39BB7 /* HTTPAuthenticationRequest.h */ = {isa = PBXFileReference; fileEncoding = 4; lastKnownFileType = sourcecode.c.h; name = HTTPAuthenticationRequest.h; path = "../third-party/CocoaHTTPServer/Core/HTTPAuthenticationRequest.h"; sourceTree = "<group>"; };
		ABC6AB191B23D39100B39BB7 /* HTTPAuthenticationRequest.m */ = {isa = PBXFileReference; fileEncoding = 4; lastKnownFileType = sourcecode.c.objc; name = HTTPAuthenticationRequest.m; path = "../third-party/CocoaHTTPServer/Core/HTTPAuthenticationRequest.m"; sourceTree = "<group>"; };
		ABC6AB1A1B23D39100B39BB7 /* HTTPConnection.h */ = {isa = PBXFileReference; fileEncoding = 4; lastKnownFileType = sourcecode.c.h; name = HTTPConnection.h; path = "../third-party/CocoaHTTPServer/Core/HTTPConnection.h"; sourceTree = "<group>"; };
		ABC6AB1B1B23D39100B39BB7 /* HTTPConnection.m */ = {isa = PBXFileReference; fileEncoding = 4; lastKnownFileType = sourcecode.c.objc; name = HTTPConnection.m; path = "../third-party/CocoaHTTPServer/Core/HTTPConnection.m"; sourceTree = "<group>"; };
		ABC6AB1C1B23D39100B39BB7 /* HTTPLogging.h */ = {isa = PBXFileReference; fileEncoding = 4; lastKnownFileType = sourcecode.c.h; name = HTTPLogging.h; path = "../third-party/CocoaHTTPServer/Core/HTTPLogging.h"; sourceTree = "<group>"; };
		ABC6AB1D1B23D39100B39BB7 /* HTTPMessage.h */ = {isa = PBXFileReference; fileEncoding = 4; lastKnownFileType = sourcecode.c.h; name = HTTPMessage.h; path = "../third-party/CocoaHTTPServer/Core/HTTPMessage.h"; sourceTree = "<group>"; };
		ABC6AB1E1B23D39100B39BB7 /* HTTPMessage.m */ = {isa = PBXFileReference; fileEncoding = 4; lastKnownFileType = sourcecode.c.objc; name = HTTPMessage.m; path = "../third-party/CocoaHTTPServer/Core/HTTPMessage.m"; sourceTree = "<group>"; };
		ABC6AB1F1B23D39100B39BB7 /* HTTPResponse.h */ = {isa = PBXFileReference; fileEncoding = 4; lastKnownFileType = sourcecode.c.h; name = HTTPResponse.h; path = "../third-party/CocoaHTTPServer/Core/HTTPResponse.h"; sourceTree = "<group>"; };
		ABC6AB201B23D39100B39BB7 /* HTTPServer.h */ = {isa = PBXFileReference; fileEncoding = 4; lastKnownFileType = sourcecode.c.h; name = HTTPServer.h; path = "../third-party/CocoaHTTPServer/Core/HTTPServer.h"; sourceTree = "<group>"; };
		ABC6AB211B23D39100B39BB7 /* HTTPServer.m */ = {isa = PBXFileReference; fileEncoding = 4; lastKnownFileType = sourcecode.c.objc; name = HTTPServer.m; path = "../third-party/CocoaHTTPServer/Core/HTTPServer.m"; sourceTree = "<group>"; };
		ABC6AB371B23D42E00B39BB7 /* GCDAsyncSocket.h */ = {isa = PBXFileReference; fileEncoding = 4; lastKnownFileType = sourcecode.c.h; name = GCDAsyncSocket.h; path = "../third-party/CocoaHTTPServer/Vendor/CocoaAsyncSocket/GCDAsyncSocket.h"; sourceTree = "<group>"; };
		ABC6AB381B23D42E00B39BB7 /* GCDAsyncSocket.m */ = {isa = PBXFileReference; fileEncoding = 4; lastKnownFileType = sourcecode.c.objc; name = GCDAsyncSocket.m; path = "../third-party/CocoaHTTPServer/Vendor/CocoaAsyncSocket/GCDAsyncSocket.m"; sourceTree = "<group>"; };
		ABC6AB3C1B23D45700B39BB7 /* DDAbstractDatabaseLogger.h */ = {isa = PBXFileReference; fileEncoding = 4; lastKnownFileType = sourcecode.c.h; name = DDAbstractDatabaseLogger.h; path = "../third-party/CocoaHTTPServer/Vendor/CocoaLumberjack/DDAbstractDatabaseLogger.h"; sourceTree = "<group>"; };
		ABC6AB3D1B23D45700B39BB7 /* DDAbstractDatabaseLogger.m */ = {isa = PBXFileReference; fileEncoding = 4; lastKnownFileType = sourcecode.c.objc; name = DDAbstractDatabaseLogger.m; path = "../third-party/CocoaHTTPServer/Vendor/CocoaLumberjack/DDAbstractDatabaseLogger.m"; sourceTree = "<group>"; };
		ABC6AB3E1B23D45700B39BB7 /* DDASLLogger.h */ = {isa = PBXFileReference; fileEncoding = 4; lastKnownFileType = sourcecode.c.h; name = DDASLLogger.h; path = "../third-party/CocoaHTTPServer/Vendor/CocoaLumberjack/DDASLLogger.h"; sourceTree = "<group>"; };
		ABC6AB3F1B23D45700B39BB7 /* DDASLLogger.m */ = {isa = PBXFileReference; fileEncoding = 4; lastKnownFileType = sourcecode.c.objc; name = DDASLLogger.m; path = "../third-party/CocoaHTTPServer/Vendor/CocoaLumberjack/DDASLLogger.m"; sourceTree = "<group>"; };
		ABC6AB401B23D45700B39BB7 /* DDFileLogger.h */ = {isa = PBXFileReference; fileEncoding = 4; lastKnownFileType = sourcecode.c.h; name = DDFileLogger.h; path = "../third-party/CocoaHTTPServer/Vendor/CocoaLumberjack/DDFileLogger.h"; sourceTree = "<group>"; };
		ABC6AB411B23D45700B39BB7 /* DDFileLogger.m */ = {isa = PBXFileReference; fileEncoding = 4; lastKnownFileType = sourcecode.c.objc; name = DDFileLogger.m; path = "../third-party/CocoaHTTPServer/Vendor/CocoaLumberjack/DDFileLogger.m"; sourceTree = "<group>"; };
		ABC6AB421B23D45700B39BB7 /* DDLog.h */ = {isa = PBXFileReference; fileEncoding = 4; lastKnownFileType = sourcecode.c.h; name = DDLog.h; path = "../third-party/CocoaHTTPServer/Vendor/CocoaLumberjack/DDLog.h"; sourceTree = "<group>"; };
		ABC6AB431B23D45700B39BB7 /* DDLog.m */ = {isa = PBXFileReference; fileEncoding = 4; lastKnownFileType = sourcecode.c.objc; name = DDLog.m; path = "../third-party/CocoaHTTPServer/Vendor/CocoaLumberjack/DDLog.m"; sourceTree = "<group>"; };
		ABC6AB441B23D45700B39BB7 /* DDTTYLogger.h */ = {isa = PBXFileReference; fileEncoding = 4; lastKnownFileType = sourcecode.c.h; name = DDTTYLogger.h; path = "../third-party/CocoaHTTPServer/Vendor/CocoaLumberjack/DDTTYLogger.h"; sourceTree = "<group>"; };
		ABC6AB451B23D45700B39BB7 /* DDTTYLogger.m */ = {isa = PBXFileReference; fileEncoding = 4; lastKnownFileType = sourcecode.c.objc; name = DDTTYLogger.m; path = "../third-party/CocoaHTTPServer/Vendor/CocoaLumberjack/DDTTYLogger.m"; sourceTree = "<group>"; };
		ABC6AB521B23D4D300B39BB7 /* DDData.h */ = {isa = PBXFileReference; fileEncoding = 4; lastKnownFileType = sourcecode.c.h; name = DDData.h; path = "../third-party/CocoaHTTPServer/Core/Categories/DDData.h"; sourceTree = "<group>"; };
		ABC6AB531B23D4D300B39BB7 /* DDData.m */ = {isa = PBXFileReference; fileEncoding = 4; lastKnownFileType = sourcecode.c.objc; name = DDData.m; path = "../third-party/CocoaHTTPServer/Core/Categories/DDData.m"; sourceTree = "<group>"; };
		ABC6AB541B23D4D300B39BB7 /* DDNumber.h */ = {isa = PBXFileReference; fileEncoding = 4; lastKnownFileType = sourcecode.c.h; name = DDNumber.h; path = "../third-party/CocoaHTTPServer/Core/Categories/DDNumber.h"; sourceTree = "<group>"; };
		ABC6AB551B23D4D300B39BB7 /* DDNumber.m */ = {isa = PBXFileReference; fileEncoding = 4; lastKnownFileType = sourcecode.c.objc; name = DDNumber.m; path = "../third-party/CocoaHTTPServer/Core/Categories/DDNumber.m"; sourceTree = "<group>"; };
		ABC6AB561B23D4D300B39BB7 /* DDRange.h */ = {isa = PBXFileReference; fileEncoding = 4; lastKnownFileType = sourcecode.c.h; name = DDRange.h; path = "../third-party/CocoaHTTPServer/Core/Categories/DDRange.h"; sourceTree = "<group>"; };
		ABC6AB571B23D4D300B39BB7 /* DDRange.m */ = {isa = PBXFileReference; fileEncoding = 4; lastKnownFileType = sourcecode.c.objc; name = DDRange.m; path = "../third-party/CocoaHTTPServer/Core/Categories/DDRange.m"; sourceTree = "<group>"; };
		ABC6AB5F1B23D4FE00B39BB7 /* HTTPAsyncFileResponse.h */ = {isa = PBXFileReference; fileEncoding = 4; lastKnownFileType = sourcecode.c.h; name = HTTPAsyncFileResponse.h; path = "../third-party/CocoaHTTPServer/Core/Responses/HTTPAsyncFileResponse.h"; sourceTree = "<group>"; };
		ABC6AB601B23D4FE00B39BB7 /* HTTPAsyncFileResponse.m */ = {isa = PBXFileReference; fileEncoding = 4; lastKnownFileType = sourcecode.c.objc; name = HTTPAsyncFileResponse.m; path = "../third-party/CocoaHTTPServer/Core/Responses/HTTPAsyncFileResponse.m"; sourceTree = "<group>"; };
		ABC6AB611B23D4FE00B39BB7 /* HTTPDataResponse.h */ = {isa = PBXFileReference; fileEncoding = 4; lastKnownFileType = sourcecode.c.h; name = HTTPDataResponse.h; path = "../third-party/CocoaHTTPServer/Core/Responses/HTTPDataResponse.h"; sourceTree = "<group>"; };
		ABC6AB621B23D4FE00B39BB7 /* HTTPDataResponse.m */ = {isa = PBXFileReference; fileEncoding = 4; lastKnownFileType = sourcecode.c.objc; name = HTTPDataResponse.m; path = "../third-party/CocoaHTTPServer/Core/Responses/HTTPDataResponse.m"; sourceTree = "<group>"; };
		ABC6AB631B23D4FE00B39BB7 /* HTTPDynamicFileResponse.h */ = {isa = PBXFileReference; fileEncoding = 4; lastKnownFileType = sourcecode.c.h; name = HTTPDynamicFileResponse.h; path = "../third-party/CocoaHTTPServer/Core/Responses/HTTPDynamicFileResponse.h"; sourceTree = "<group>"; };
		ABC6AB641B23D4FE00B39BB7 /* HTTPDynamicFileResponse.m */ = {isa = PBXFileReference; fileEncoding = 4; lastKnownFileType = sourcecode.c.objc; name = HTTPDynamicFileResponse.m; path = "../third-party/CocoaHTTPServer/Core/Responses/HTTPDynamicFileResponse.m"; sourceTree = "<group>"; };
		ABC6AB651B23D4FE00B39BB7 /* HTTPErrorResponse.h */ = {isa = PBXFileReference; fileEncoding = 4; lastKnownFileType = sourcecode.c.h; name = HTTPErrorResponse.h; path = "../third-party/CocoaHTTPServer/Core/Responses/HTTPErrorResponse.h"; sourceTree = "<group>"; };
		ABC6AB661B23D4FE00B39BB7 /* HTTPErrorResponse.m */ = {isa = PBXFileReference; fileEncoding = 4; lastKnownFileType = sourcecode.c.objc; name = HTTPErrorResponse.m; path = "../third-party/CocoaHTTPServer/Core/Responses/HTTPErrorResponse.m"; sourceTree = "<group>"; };
		ABC6AB671B23D4FE00B39BB7 /* HTTPFileResponse.h */ = {isa = PBXFileReference; fileEncoding = 4; lastKnownFileType = sourcecode.c.h; name = HTTPFileResponse.h; path = "../third-party/CocoaHTTPServer/Core/Responses/HTTPFileResponse.h"; sourceTree = "<group>"; };
		ABC6AB681B23D4FE00B39BB7 /* HTTPFileResponse.m */ = {isa = PBXFileReference; fileEncoding = 4; lastKnownFileType = sourcecode.c.objc; name = HTTPFileResponse.m; path = "../third-party/CocoaHTTPServer/Core/Responses/HTTPFileResponse.m"; sourceTree = "<group>"; };
		ABC6AB691B23D4FE00B39BB7 /* HTTPRedirectResponse.h */ = {isa = PBXFileReference; fileEncoding = 4; lastKnownFileType = sourcecode.c.h; name = HTTPRedirectResponse.h; path = "../third-party/CocoaHTTPServer/Core/Responses/HTTPRedirectResponse.h"; sourceTree = "<group>"; };
		ABC6AB6A1B23D4FE00B39BB7 /* HTTPRedirectResponse.m */ = {isa = PBXFileReference; fileEncoding = 4; lastKnownFileType = sourcecode.c.objc; name = HTTPRedirectResponse.m; path = "../third-party/CocoaHTTPServer/Core/Responses/HTTPRedirectResponse.m"; sourceTree = "<group>"; };
		ABC6AB771B23D51900B39BB7 /* WebSocket.h */ = {isa = PBXFileReference; fileEncoding = 4; lastKnownFileType = sourcecode.c.h; name = WebSocket.h; path = "../third-party/CocoaHTTPServer/Core/WebSocket.h"; sourceTree = "<group>"; };
		ABC6AB781B23D51900B39BB7 /* WebSocket.m */ = {isa = PBXFileReference; fileEncoding = 4; lastKnownFileType = sourcecode.c.objc; name = WebSocket.m; path = "../third-party/CocoaHTTPServer/Core/WebSocket.m"; sourceTree = "<group>"; };
		ABD3E8531A8CD08300F2BAB9 /* XWalkExtensionFactoryTest.swift */ = {isa = PBXFileReference; fileEncoding = 4; lastKnownFileType = sourcecode.swift; path = XWalkExtensionFactoryTest.swift; sourceTree = "<group>"; };
		ABD3E8551A8CD3F900F2BAB9 /* XWalkReflectionTest.swift */ = {isa = PBXFileReference; fileEncoding = 4; lastKnownFileType = sourcecode.swift; path = XWalkReflectionTest.swift; sourceTree = "<group>"; };
		ABD3E8591A8CD44D00F2BAB9 /* XWalkChannelTest.swift */ = {isa = PBXFileReference; fileEncoding = 4; lastKnownFileType = sourcecode.swift; path = XWalkChannelTest.swift; sourceTree = "<group>"; };
		ABD3E85D1A8CD49F00F2BAB9 /* XWalkInvocationTest.m */ = {isa = PBXFileReference; fileEncoding = 4; lastKnownFileType = sourcecode.c.objc; path = XWalkInvocationTest.m; sourceTree = "<group>"; };
		ABF4635E1A6751970049D942 /* XWalkDelegate.h */ = {isa = PBXFileReference; lastKnownFileType = sourcecode.c.h; name = XWalkDelegate.h; path = XWalkView/XWalkDelegate.h; sourceTree = "<group>"; };
		EE0A1DD21A52775400C9E6D3 /* XWalkChannel.swift */ = {isa = PBXFileReference; fileEncoding = 4; lastKnownFileType = sourcecode.swift; name = XWalkChannel.swift; path = XWalkView/XWalkChannel.swift; sourceTree = "<group>"; };
		EE0A1DDD1A52A5A300C9E6D3 /* XWalkReflection.swift */ = {isa = PBXFileReference; fileEncoding = 4; lastKnownFileType = sourcecode.swift; name = XWalkReflection.swift; path = XWalkView/XWalkReflection.swift; sourceTree = "<group>"; };
		EE0A1DDE1A52A5A300C9E6D3 /* XWalkStubGenerator.swift */ = {isa = PBXFileReference; fileEncoding = 4; lastKnownFileType = sourcecode.swift; name = XWalkStubGenerator.swift; path = XWalkView/XWalkStubGenerator.swift; sourceTree = "<group>"; };
		EE0A1DEC1A53DCFB00C9E6D3 /* XWalkThread.swift */ = {isa = PBXFileReference; fileEncoding = 4; lastKnownFileType = sourcecode.swift; name = XWalkThread.swift; path = XWalkView/XWalkThread.swift; sourceTree = "<group>"; };
		EE174E441A01FDDE00168D96 /* XWalkExtensionFactory.swift */ = {isa = PBXFileReference; fileEncoding = 4; lastKnownFileType = sourcecode.swift; name = XWalkExtensionFactory.swift; path = XWalkView/XWalkExtensionFactory.swift; sourceTree = "<group>"; };
		EE174E771A0361CB00168D96 /* crosswalk.js */ = {isa = PBXFileReference; fileEncoding = 4; lastKnownFileType = sourcecode.javascript; name = crosswalk.js; path = XWalkView/crosswalk.js; sourceTree = "<group>"; };
		EE62683519FA323900EFC3F8 /* XWalkView.framework */ = {isa = PBXFileReference; explicitFileType = wrapper.framework; includeInIndex = 0; path = XWalkView.framework; sourceTree = BUILT_PRODUCTS_DIR; };
		EE62691319FA52D100EFC3F8 /* Info.plist */ = {isa = PBXFileReference; fileEncoding = 4; lastKnownFileType = text.plist.xml; name = Info.plist; path = XWalkView/Info.plist; sourceTree = "<group>"; };
		EE62691C19FA52FC00EFC3F8 /* XWalkView.h */ = {isa = PBXFileReference; fileEncoding = 4; lastKnownFileType = sourcecode.c.h; name = XWalkView.h; path = XWalkView/XWalkView.h; sourceTree = "<group>"; };
		EE62691D19FA52FC00EFC3F8 /* XWalkInvocation.h */ = {isa = PBXFileReference; fileEncoding = 4; lastKnownFileType = sourcecode.c.h; name = XWalkInvocation.h; path = XWalkView/XWalkInvocation.h; sourceTree = "<group>"; };
		EE62691E19FA52FC00EFC3F8 /* XWalkInvocation.m */ = {isa = PBXFileReference; fileEncoding = 4; lastKnownFileType = sourcecode.c.objc; name = XWalkInvocation.m; path = XWalkView/XWalkInvocation.m; sourceTree = "<group>"; };
		EE62692019FA52FC00EFC3F8 /* XWalkWebView.swift */ = {isa = PBXFileReference; fileEncoding = 4; lastKnownFileType = sourcecode.swift; name = XWalkWebView.swift; path = XWalkView/XWalkWebView.swift; sourceTree = "<group>"; };
		EE7886751A0D0CE30013A855 /* XWalkExtensionLoader.swift */ = {isa = PBXFileReference; fileEncoding = 4; lastKnownFileType = sourcecode.swift; name = XWalkExtensionLoader.swift; path = XWalkView/XWalkExtensionLoader.swift; sourceTree = "<group>"; };
/* End PBXFileReference section */

/* Begin PBXFrameworksBuildPhase section */
		AB023E9D1A8C506600580A2A /* Frameworks */ = {
			isa = PBXFrameworksBuildPhase;
			buildActionMask = 2147483647;
			files = (
				AB023EA61A8C506600580A2A /* XWalkView.framework in Frameworks */,
			);
			runOnlyForDeploymentPostprocessing = 0;
		};
		EE62683119FA323900EFC3F8 /* Frameworks */ = {
			isa = PBXFrameworksBuildPhase;
			buildActionMask = 2147483647;
			files = (
			);
			runOnlyForDeploymentPostprocessing = 0;
		};
/* End PBXFrameworksBuildPhase section */

/* Begin PBXGroup section */
		AB023EA11A8C506600580A2A /* XWalkViewTests */ = {
			isa = PBXGroup;
			children = (
				AB2273E41AA6FDA700F9207A /* www */,
				AB83D7401AAED8A200C2EDC7 /* ExecutionContext.swift */,
				ABD3E8551A8CD3F900F2BAB9 /* XWalkReflectionTest.swift */,
				ABD3E8591A8CD44D00F2BAB9 /* XWalkChannelTest.swift */,
				AB023EA41A8C506600580A2A /* XWalkWebViewTests.swift */,
				ABD3E8531A8CD08300F2BAB9 /* XWalkExtensionFactoryTest.swift */,
				ABD3E85D1A8CD49F00F2BAB9 /* XWalkInvocationTest.m */,
				AB023EBA1A8C87A500580A2A /* XWalkExtensionTest.m */,
				AB023EA21A8C506600580A2A /* Supporting Files */,
			);
			path = XWalkViewTests;
			sourceTree = "<group>";
		};
		AB023EA21A8C506600580A2A /* Supporting Files */ = {
			isa = PBXGroup;
			children = (
				AB023EA31A8C506600580A2A /* Info.plist */,
			);
			name = "Supporting Files";
			sourceTree = "<group>";
		};
		ABC6AB161B23D2D800B39BB7 /* CocoaHTTPServer */ = {
			isa = PBXGroup;
			children = (
				ABC6AB501B23D45D00B39BB7 /* CocoaLunberjack */,
				ABC6AB3B1B23D43500B39BB7 /* GCD */,
				ABC6AB311B23D3BD00B39BB7 /* Core */,
			);
			name = CocoaHTTPServer;
			sourceTree = "<group>";
		};
		ABC6AB311B23D3BD00B39BB7 /* Core */ = {
			isa = PBXGroup;
			children = (
				ABC6AB5E1B23D4E500B39BB7 /* Responses */,
				ABC6AB511B23D4BE00B39BB7 /* Categories */,
				ABC6AB181B23D39100B39BB7 /* HTTPAuthenticationRequest.h */,
				ABC6AB191B23D39100B39BB7 /* HTTPAuthenticationRequest.m */,
				ABC6AB1A1B23D39100B39BB7 /* HTTPConnection.h */,
				ABC6AB1B1B23D39100B39BB7 /* HTTPConnection.m */,
				ABC6AB1C1B23D39100B39BB7 /* HTTPLogging.h */,
				ABC6AB1D1B23D39100B39BB7 /* HTTPMessage.h */,
				ABC6AB1E1B23D39100B39BB7 /* HTTPMessage.m */,
				ABC6AB1F1B23D39100B39BB7 /* HTTPResponse.h */,
				ABC6AB201B23D39100B39BB7 /* HTTPServer.h */,
				ABC6AB211B23D39100B39BB7 /* HTTPServer.m */,
				ABC6AB771B23D51900B39BB7 /* WebSocket.h */,
				ABC6AB781B23D51900B39BB7 /* WebSocket.m */,
			);
			name = Core;
			sourceTree = "<group>";
		};
		ABC6AB3B1B23D43500B39BB7 /* GCD */ = {
			isa = PBXGroup;
			children = (
				ABC6AB371B23D42E00B39BB7 /* GCDAsyncSocket.h */,
				ABC6AB381B23D42E00B39BB7 /* GCDAsyncSocket.m */,
			);
			name = GCD;
			sourceTree = "<group>";
		};
		ABC6AB501B23D45D00B39BB7 /* CocoaLunberjack */ = {
			isa = PBXGroup;
			children = (
				ABC6AB3C1B23D45700B39BB7 /* DDAbstractDatabaseLogger.h */,
				ABC6AB3D1B23D45700B39BB7 /* DDAbstractDatabaseLogger.m */,
				ABC6AB3E1B23D45700B39BB7 /* DDASLLogger.h */,
				ABC6AB3F1B23D45700B39BB7 /* DDASLLogger.m */,
				ABC6AB401B23D45700B39BB7 /* DDFileLogger.h */,
				ABC6AB411B23D45700B39BB7 /* DDFileLogger.m */,
				ABC6AB421B23D45700B39BB7 /* DDLog.h */,
				ABC6AB431B23D45700B39BB7 /* DDLog.m */,
				ABC6AB441B23D45700B39BB7 /* DDTTYLogger.h */,
				ABC6AB451B23D45700B39BB7 /* DDTTYLogger.m */,
			);
			name = CocoaLunberjack;
			sourceTree = "<group>";
		};
		ABC6AB511B23D4BE00B39BB7 /* Categories */ = {
			isa = PBXGroup;
			children = (
				ABC6AB521B23D4D300B39BB7 /* DDData.h */,
				ABC6AB531B23D4D300B39BB7 /* DDData.m */,
				ABC6AB541B23D4D300B39BB7 /* DDNumber.h */,
				ABC6AB551B23D4D300B39BB7 /* DDNumber.m */,
				ABC6AB561B23D4D300B39BB7 /* DDRange.h */,
				ABC6AB571B23D4D300B39BB7 /* DDRange.m */,
			);
			name = Categories;
			sourceTree = "<group>";
		};
		ABC6AB5E1B23D4E500B39BB7 /* Responses */ = {
			isa = PBXGroup;
			children = (
				ABC6AB5F1B23D4FE00B39BB7 /* HTTPAsyncFileResponse.h */,
				ABC6AB601B23D4FE00B39BB7 /* HTTPAsyncFileResponse.m */,
				ABC6AB611B23D4FE00B39BB7 /* HTTPDataResponse.h */,
				ABC6AB621B23D4FE00B39BB7 /* HTTPDataResponse.m */,
				ABC6AB631B23D4FE00B39BB7 /* HTTPDynamicFileResponse.h */,
				ABC6AB641B23D4FE00B39BB7 /* HTTPDynamicFileResponse.m */,
				ABC6AB651B23D4FE00B39BB7 /* HTTPErrorResponse.h */,
				ABC6AB661B23D4FE00B39BB7 /* HTTPErrorResponse.m */,
				ABC6AB671B23D4FE00B39BB7 /* HTTPFileResponse.h */,
				ABC6AB681B23D4FE00B39BB7 /* HTTPFileResponse.m */,
				ABC6AB691B23D4FE00B39BB7 /* HTTPRedirectResponse.h */,
				ABC6AB6A1B23D4FE00B39BB7 /* HTTPRedirectResponse.m */,
			);
			name = Responses;
			sourceTree = "<group>";
		};
		EE62682B19FA323900EFC3F8 = {
			isa = PBXGroup;
			children = (
				EE62683719FA323900EFC3F8 /* XWalkView */,
				AB023EA11A8C506600580A2A /* XWalkViewTests */,
				EE62683619FA323900EFC3F8 /* Products */,
			);
			sourceTree = "<group>";
		};
		EE62683619FA323900EFC3F8 /* Products */ = {
			isa = PBXGroup;
			children = (
				EE62683519FA323900EFC3F8 /* XWalkView.framework */,
				AB023EA01A8C506600580A2A /* XWalkViewTests.xctest */,
			);
			name = Products;
			sourceTree = "<group>";
		};
		EE62683719FA323900EFC3F8 /* XWalkView */ = {
			isa = PBXGroup;
			children = (
				EE62691C19FA52FC00EFC3F8 /* XWalkView.h */,
				EE0A1DEC1A53DCFB00C9E6D3 /* XWalkThread.swift */,
				EE0A1DDD1A52A5A300C9E6D3 /* XWalkReflection.swift */,
				EE0A1DDE1A52A5A300C9E6D3 /* XWalkStubGenerator.swift */,
				EE0A1DD21A52775400C9E6D3 /* XWalkChannel.swift */,
				EE62692019FA52FC00EFC3F8 /* XWalkWebView.swift */,
				EE174E441A01FDDE00168D96 /* XWalkExtensionFactory.swift */,
				EE7886751A0D0CE30013A855 /* XWalkExtensionLoader.swift */,
				EE174E771A0361CB00168D96 /* crosswalk.js */,
				EE62691D19FA52FC00EFC3F8 /* XWalkInvocation.h */,
				EE62691E19FA52FC00EFC3F8 /* XWalkInvocation.m */,
				ABF4635E1A6751970049D942 /* XWalkDelegate.h */,
				AB3ECCBE1A6243B3001925A3 /* XWalkExtension.h */,
				AB3ECCBF1A6243B3001925A3 /* XWalkExtension.m */,
				ABC6AB161B23D2D800B39BB7 /* CocoaHTTPServer */,
				EE62683819FA323900EFC3F8 /* Supporting Files */,
			);
			name = XWalkView;
			sourceTree = SOURCE_ROOT;
		};
		EE62683819FA323900EFC3F8 /* Supporting Files */ = {
			isa = PBXGroup;
			children = (
				EE62691319FA52D100EFC3F8 /* Info.plist */,
			);
			name = "Supporting Files";
			sourceTree = "<group>";
		};
/* End PBXGroup section */

/* Begin PBXHeadersBuildPhase section */
		EE62683219FA323900EFC3F8 /* Headers */ = {
			isa = PBXHeadersBuildPhase;
			buildActionMask = 2147483647;
			files = (
				ABC6AB251B23D39100B39BB7 /* HTTPAuthenticationRequest.h in Headers */,
				ABF68ECD1A6B45FC0058267B /* XWalkView.h in Headers */,
				ABC6AB2A1B23D39100B39BB7 /* HTTPMessage.h in Headers */,
				AB3ECCC01A6243B3001925A3 /* XWalkExtension.h in Headers */,
				ABC6AB751B23D4FE00B39BB7 /* HTTPRedirectResponse.h in Headers */,
				ABD475E31A4129FC00F3BDEB /* XWalkInvocation.h in Headers */,
				ABC6AB2D1B23D39100B39BB7 /* HTTPServer.h in Headers */,
				ABC6AB5C1B23D4D300B39BB7 /* DDRange.h in Headers */,
				ABC6AB4E1B23D45700B39BB7 /* DDTTYLogger.h in Headers */,
				ABC6AB2C1B23D39100B39BB7 /* HTTPResponse.h in Headers */,
				ABC6AB4C1B23D45700B39BB7 /* DDLog.h in Headers */,
				ABC6AB461B23D45700B39BB7 /* DDAbstractDatabaseLogger.h in Headers */,
				ABC6AB6F1B23D4FE00B39BB7 /* HTTPDynamicFileResponse.h in Headers */,
				ABC6AB391B23D42E00B39BB7 /* GCDAsyncSocket.h in Headers */,
				ABC6AB291B23D39100B39BB7 /* HTTPLogging.h in Headers */,
				ABF4635F1A67519D0049D942 /* XWalkDelegate.h in Headers */,
				ABC6AB5A1B23D4D300B39BB7 /* DDNumber.h in Headers */,
				ABC6AB6B1B23D4FE00B39BB7 /* HTTPAsyncFileResponse.h in Headers */,
				ABC6AB4A1B23D45700B39BB7 /* DDFileLogger.h in Headers */,
				ABC6AB791B23D51900B39BB7 /* WebSocket.h in Headers */,
				ABC6AB731B23D4FE00B39BB7 /* HTTPFileResponse.h in Headers */,
				ABC6AB271B23D39100B39BB7 /* HTTPConnection.h in Headers */,
				ABC6AB711B23D4FE00B39BB7 /* HTTPErrorResponse.h in Headers */,
				ABC6AB581B23D4D300B39BB7 /* DDData.h in Headers */,
				ABC6AB481B23D45700B39BB7 /* DDASLLogger.h in Headers */,
				ABC6AB6D1B23D4FE00B39BB7 /* HTTPDataResponse.h in Headers */,
			);
			runOnlyForDeploymentPostprocessing = 0;
		};
/* End PBXHeadersBuildPhase section */

/* Begin PBXNativeTarget section */
		AB023E9F1A8C506600580A2A /* XWalkViewTests */ = {
			isa = PBXNativeTarget;
			buildConfigurationList = AB023EAB1A8C506600580A2A /* Build configuration list for PBXNativeTarget "XWalkViewTests" */;
			buildPhases = (
				AB023E9C1A8C506600580A2A /* Sources */,
				AB023E9D1A8C506600580A2A /* Frameworks */,
				AB023E9E1A8C506600580A2A /* Resources */,
				AB023EBD1A8C8BBE00580A2A /* CopyFiles */,
			);
			buildRules = (
			);
			dependencies = (
				AB023EA81A8C506600580A2A /* PBXTargetDependency */,
			);
			name = XWalkViewTests;
			productName = XWalkViewTests;
			productReference = AB023EA01A8C506600580A2A /* XWalkViewTests.xctest */;
			productType = "com.apple.product-type.bundle.unit-test";
		};
		EE62683419FA323900EFC3F8 /* XWalkView */ = {
			isa = PBXNativeTarget;
			buildConfigurationList = EE62684B19FA323900EFC3F8 /* Build configuration list for PBXNativeTarget "XWalkView" */;
			buildPhases = (
				EE62683019FA323900EFC3F8 /* Sources */,
				EE62683119FA323900EFC3F8 /* Frameworks */,
				EE62683219FA323900EFC3F8 /* Headers */,
				EE62683319FA323900EFC3F8 /* Resources */,
			);
			buildRules = (
			);
			dependencies = (
			);
			name = XWalkView;
			productName = XWalkView;
			productReference = EE62683519FA323900EFC3F8 /* XWalkView.framework */;
			productType = "com.apple.product-type.framework";
		};
/* End PBXNativeTarget section */

/* Begin PBXProject section */
		EE62682C19FA323900EFC3F8 /* Project object */ = {
			isa = PBXProject;
			attributes = {
				LastUpgradeCheck = 0610;
				ORGANIZATIONNAME = Crosswalk;
				TargetAttributes = {
					AB023E9F1A8C506600580A2A = {
						CreatedOnToolsVersion = 6.1;
					};
					EE62683419FA323900EFC3F8 = {
						CreatedOnToolsVersion = 6.1;
					};
				};
			};
			buildConfigurationList = EE62682F19FA323900EFC3F8 /* Build configuration list for PBXProject "XWalkView" */;
			compatibilityVersion = "Xcode 3.2";
			developmentRegion = English;
			hasScannedForEncodings = 0;
			knownRegions = (
				en,
			);
			mainGroup = EE62682B19FA323900EFC3F8;
			productRefGroup = EE62683619FA323900EFC3F8 /* Products */;
			projectDirPath = "";
			projectRoot = "";
			targets = (
				EE62683419FA323900EFC3F8 /* XWalkView */,
				AB023E9F1A8C506600580A2A /* XWalkViewTests */,
			);
		};
/* End PBXProject section */

/* Begin PBXResourcesBuildPhase section */
		AB023E9E1A8C506600580A2A /* Resources */ = {
			isa = PBXResourcesBuildPhase;
			buildActionMask = 2147483647;
			files = (
				AB2273E51AA6FDA700F9207A /* www in Resources */,
			);
			runOnlyForDeploymentPostprocessing = 0;
		};
		EE62683319FA323900EFC3F8 /* Resources */ = {
			isa = PBXResourcesBuildPhase;
			buildActionMask = 2147483647;
			files = (
				EE174E781A0361CB00168D96 /* crosswalk.js in Resources */,
			);
			runOnlyForDeploymentPostprocessing = 0;
		};
/* End PBXResourcesBuildPhase section */

/* Begin PBXSourcesBuildPhase section */
		AB023E9C1A8C506600580A2A /* Sources */ = {
			isa = PBXSourcesBuildPhase;
			buildActionMask = 2147483647;
			files = (
				ABD3E85E1A8CD49F00F2BAB9 /* XWalkInvocationTest.m in Sources */,
				ABD3E8541A8CD08300F2BAB9 /* XWalkExtensionFactoryTest.swift in Sources */,
				ABD3E85A1A8CD44D00F2BAB9 /* XWalkChannelTest.swift in Sources */,
				AB023EA51A8C506600580A2A /* XWalkWebViewTests.swift in Sources */,
				AB83D7411AAED8A200C2EDC7 /* ExecutionContext.swift in Sources */,
				ABD3E8561A8CD3F900F2BAB9 /* XWalkReflectionTest.swift in Sources */,
				AB023EBB1A8C87A500580A2A /* XWalkExtensionTest.m in Sources */,
			);
			runOnlyForDeploymentPostprocessing = 0;
		};
		EE62683019FA323900EFC3F8 /* Sources */ = {
			isa = PBXSourcesBuildPhase;
			buildActionMask = 2147483647;
			files = (
				ABC6AB4D1B23D45700B39BB7 /* DDLog.m in Sources */,
				ABC6AB3A1B23D42E00B39BB7 /* GCDAsyncSocket.m in Sources */,
				EE0A1DDF1A52A5A300C9E6D3 /* XWalkReflection.swift in Sources */,
				EE7886761A0D0CE30013A855 /* XWalkExtensionLoader.swift in Sources */,
				AB3ECCC11A6243B3001925A3 /* XWalkExtension.m in Sources */,
				ABC6AB6C1B23D4FE00B39BB7 /* HTTPAsyncFileResponse.m in Sources */,
				ABC6AB4B1B23D45700B39BB7 /* DDFileLogger.m in Sources */,
				ABC6AB261B23D39100B39BB7 /* HTTPAuthenticationRequest.m in Sources */,
				ABC6AB761B23D4FE00B39BB7 /* HTTPRedirectResponse.m in Sources */,
				ABC6AB591B23D4D300B39BB7 /* DDData.m in Sources */,
				EE0A1DE01A52A5A300C9E6D3 /* XWalkStubGenerator.swift in Sources */,
				ABC6AB6E1B23D4FE00B39BB7 /* HTTPDataResponse.m in Sources */,
				ABC6AB5D1B23D4D300B39BB7 /* DDRange.m in Sources */,
				ABC6AB5B1B23D4D300B39BB7 /* DDNumber.m in Sources */,
				EE174E451A01FDDE00168D96 /* XWalkExtensionFactory.swift in Sources */,
				ABC6AB741B23D4FE00B39BB7 /* HTTPFileResponse.m in Sources */,
				EE62692419FA52FC00EFC3F8 /* XWalkInvocation.m in Sources */,
				EE0A1DD31A52775400C9E6D3 /* XWalkChannel.swift in Sources */,
				ABC6AB4F1B23D45700B39BB7 /* DDTTYLogger.m in Sources */,
				ABC6AB2E1B23D39100B39BB7 /* HTTPServer.m in Sources */,
				ABC6AB281B23D39100B39BB7 /* HTTPConnection.m in Sources */,
				EE0A1DED1A53DCFB00C9E6D3 /* XWalkThread.swift in Sources */,
				EE62692619FA52FC00EFC3F8 /* XWalkWebView.swift in Sources */,
				ABC6AB7A1B23D51900B39BB7 /* WebSocket.m in Sources */,
				ABC6AB491B23D45700B39BB7 /* DDASLLogger.m in Sources */,
				ABC6AB721B23D4FE00B39BB7 /* HTTPErrorResponse.m in Sources */,
				ABC6AB471B23D45700B39BB7 /* DDAbstractDatabaseLogger.m in Sources */,
				ABC6AB2B1B23D39100B39BB7 /* HTTPMessage.m in Sources */,
				ABC6AB701B23D4FE00B39BB7 /* HTTPDynamicFileResponse.m in Sources */,
			);
			runOnlyForDeploymentPostprocessing = 0;
		};
/* End PBXSourcesBuildPhase section */

/* Begin PBXTargetDependency section */
		AB023EA81A8C506600580A2A /* PBXTargetDependency */ = {
			isa = PBXTargetDependency;
			target = EE62683419FA323900EFC3F8 /* XWalkView */;
			targetProxy = AB023EA71A8C506600580A2A /* PBXContainerItemProxy */;
		};
/* End PBXTargetDependency section */

/* Begin XCBuildConfiguration section */
		AB023EA91A8C506600580A2A /* Debug */ = {
			isa = XCBuildConfiguration;
			buildSettings = {
				CLANG_ENABLE_MODULES = YES;
				FRAMEWORK_SEARCH_PATHS = (
					"$(SDKROOT)/Developer/Library/Frameworks",
					"$(inherited)",
				);
				GCC_PREPROCESSOR_DEFINITIONS = (
					"DEBUG=1",
					"$(inherited)",
				);
				INFOPLIST_FILE = XWalkViewTests/Info.plist;
				LD_RUNPATH_SEARCH_PATHS = "$(inherited) @executable_path/Frameworks @loader_path/Frameworks";
				PRODUCT_NAME = "$(TARGET_NAME)";
				SWIFT_OPTIMIZATION_LEVEL = "-Onone";
			};
			name = Debug;
		};
		AB023EAA1A8C506600580A2A /* Release */ = {
			isa = XCBuildConfiguration;
			buildSettings = {
				CLANG_ENABLE_MODULES = YES;
				FRAMEWORK_SEARCH_PATHS = (
					"$(SDKROOT)/Developer/Library/Frameworks",
					"$(inherited)",
				);
				INFOPLIST_FILE = XWalkViewTests/Info.plist;
				LD_RUNPATH_SEARCH_PATHS = "$(inherited) @executable_path/Frameworks @loader_path/Frameworks";
				PRODUCT_NAME = "$(TARGET_NAME)";
			};
			name = Release;
		};
		EE62684919FA323900EFC3F8 /* Debug */ = {
			isa = XCBuildConfiguration;
			buildSettings = {
				ALWAYS_SEARCH_USER_PATHS = NO;
				CLANG_CXX_LANGUAGE_STANDARD = "gnu++0x";
				CLANG_CXX_LIBRARY = "libc++";
				CLANG_ENABLE_MODULES = YES;
				CLANG_ENABLE_OBJC_ARC = YES;
				CLANG_WARN_BOOL_CONVERSION = YES;
				CLANG_WARN_CONSTANT_CONVERSION = YES;
				CLANG_WARN_DIRECT_OBJC_ISA_USAGE = YES_ERROR;
				CLANG_WARN_EMPTY_BODY = YES;
				CLANG_WARN_ENUM_CONVERSION = YES;
				CLANG_WARN_INT_CONVERSION = YES;
				CLANG_WARN_OBJC_ROOT_CLASS = YES_ERROR;
				CLANG_WARN_UNREACHABLE_CODE = YES;
				CLANG_WARN__DUPLICATE_METHOD_MATCH = YES;
				"CODE_SIGN_IDENTITY[sdk=iphoneos*]" = "iPhone Developer";
				COPY_PHASE_STRIP = NO;
				CURRENT_PROJECT_VERSION = 1;
				ENABLE_STRICT_OBJC_MSGSEND = YES;
				GCC_C_LANGUAGE_STANDARD = gnu99;
				GCC_DYNAMIC_NO_PIC = NO;
				GCC_OPTIMIZATION_LEVEL = 0;
				GCC_PREPROCESSOR_DEFINITIONS = (
					"DEBUG=1",
					"$(inherited)",
				);
				GCC_SYMBOLS_PRIVATE_EXTERN = NO;
				GCC_WARN_64_TO_32_BIT_CONVERSION = YES;
				GCC_WARN_ABOUT_RETURN_TYPE = YES_ERROR;
				GCC_WARN_UNDECLARED_SELECTOR = YES;
				GCC_WARN_UNINITIALIZED_AUTOS = YES_AGGRESSIVE;
				GCC_WARN_UNUSED_FUNCTION = YES;
				GCC_WARN_UNUSED_VARIABLE = YES;
				IPHONEOS_DEPLOYMENT_TARGET = 8.1;
				MTL_ENABLE_DEBUG_INFO = YES;
				ONLY_ACTIVE_ARCH = YES;
				SDKROOT = iphoneos;
				SWIFT_OPTIMIZATION_LEVEL = "-Onone";
				TARGETED_DEVICE_FAMILY = "1,2";
				VERSIONING_SYSTEM = "apple-generic";
				VERSION_INFO_PREFIX = "";
			};
			name = Debug;
		};
		EE62684A19FA323900EFC3F8 /* Release */ = {
			isa = XCBuildConfiguration;
			buildSettings = {
				ALWAYS_SEARCH_USER_PATHS = NO;
				CLANG_CXX_LANGUAGE_STANDARD = "gnu++0x";
				CLANG_CXX_LIBRARY = "libc++";
				CLANG_ENABLE_MODULES = YES;
				CLANG_ENABLE_OBJC_ARC = YES;
				CLANG_WARN_BOOL_CONVERSION = YES;
				CLANG_WARN_CONSTANT_CONVERSION = YES;
				CLANG_WARN_DIRECT_OBJC_ISA_USAGE = YES_ERROR;
				CLANG_WARN_EMPTY_BODY = YES;
				CLANG_WARN_ENUM_CONVERSION = YES;
				CLANG_WARN_INT_CONVERSION = YES;
				CLANG_WARN_OBJC_ROOT_CLASS = YES_ERROR;
				CLANG_WARN_UNREACHABLE_CODE = YES;
				CLANG_WARN__DUPLICATE_METHOD_MATCH = YES;
				"CODE_SIGN_IDENTITY[sdk=iphoneos*]" = "iPhone Developer";
				COPY_PHASE_STRIP = YES;
				CURRENT_PROJECT_VERSION = 1;
				ENABLE_NS_ASSERTIONS = NO;
				ENABLE_STRICT_OBJC_MSGSEND = YES;
				GCC_C_LANGUAGE_STANDARD = gnu99;
				GCC_WARN_64_TO_32_BIT_CONVERSION = YES;
				GCC_WARN_ABOUT_RETURN_TYPE = YES_ERROR;
				GCC_WARN_UNDECLARED_SELECTOR = YES;
				GCC_WARN_UNINITIALIZED_AUTOS = YES_AGGRESSIVE;
				GCC_WARN_UNUSED_FUNCTION = YES;
				GCC_WARN_UNUSED_VARIABLE = YES;
				IPHONEOS_DEPLOYMENT_TARGET = 8.1;
				MTL_ENABLE_DEBUG_INFO = NO;
				SDKROOT = iphoneos;
				TARGETED_DEVICE_FAMILY = "1,2";
				VALIDATE_PRODUCT = YES;
				VERSIONING_SYSTEM = "apple-generic";
				VERSION_INFO_PREFIX = "";
			};
			name = Release;
		};
		EE62684C19FA323900EFC3F8 /* Debug */ = {
			isa = XCBuildConfiguration;
			buildSettings = {
				DEFINES_MODULE = YES;
				DYLIB_COMPATIBILITY_VERSION = 1;
				DYLIB_CURRENT_VERSION = 1;
				DYLIB_INSTALL_NAME_BASE = "@rpath";
				INFOPLIST_FILE = XWalkView/Info.plist;
				INSTALL_PATH = "$(LOCAL_LIBRARY_DIR)/Frameworks";
				LD_RUNPATH_SEARCH_PATHS = "$(inherited) @executable_path/Frameworks @loader_path/Frameworks";
				PRODUCT_NAME = "$(TARGET_NAME)";
				SKIP_INSTALL = YES;
			};
			name = Debug;
		};
		EE62684D19FA323900EFC3F8 /* Release */ = {
			isa = XCBuildConfiguration;
			buildSettings = {
				DEFINES_MODULE = YES;
				DYLIB_COMPATIBILITY_VERSION = 1;
				DYLIB_CURRENT_VERSION = 1;
				DYLIB_INSTALL_NAME_BASE = "@rpath";
				INFOPLIST_FILE = XWalkView/Info.plist;
				INSTALL_PATH = "$(LOCAL_LIBRARY_DIR)/Frameworks";
				LD_RUNPATH_SEARCH_PATHS = "$(inherited) @executable_path/Frameworks @loader_path/Frameworks";
				PRODUCT_NAME = "$(TARGET_NAME)";
				SKIP_INSTALL = YES;
			};
			name = Release;
		};
/* End XCBuildConfiguration section */

/* Begin XCConfigurationList section */
		AB023EAB1A8C506600580A2A /* Build configuration list for PBXNativeTarget "XWalkViewTests" */ = {
			isa = XCConfigurationList;
			buildConfigurations = (
				AB023EA91A8C506600580A2A /* Debug */,
				AB023EAA1A8C506600580A2A /* Release */,
			);
			defaultConfigurationIsVisible = 0;
			defaultConfigurationName = Release;
		};
		EE62682F19FA323900EFC3F8 /* Build configuration list for PBXProject "XWalkView" */ = {
			isa = XCConfigurationList;
			buildConfigurations = (
				EE62684919FA323900EFC3F8 /* Debug */,
				EE62684A19FA323900EFC3F8 /* Release */,
			);
			defaultConfigurationIsVisible = 0;
			defaultConfigurationName = Release;
		};
		EE62684B19FA323900EFC3F8 /* Build configuration list for PBXNativeTarget "XWalkView" */ = {
			isa = XCConfigurationList;
			buildConfigurations = (
				EE62684C19FA323900EFC3F8 /* Debug */,
				EE62684D19FA323900EFC3F8 /* Release */,
			);
			defaultConfigurationIsVisible = 0;
			defaultConfigurationName = Release;
		};
/* End XCConfigurationList section */
	};
	rootObject = EE62682C19FA323900EFC3F8 /* Project object */;
}
